// !$*UTF8*$!
{
	archiveVersion = 1;
	classes = {
	};
	objectVersion = 50;
	objects = {

/* Begin PBXBuildFile section */
		78DAF0372511E80F000753FD /* AppDelegate.swift in Sources */ = {isa = PBXBuildFile; fileRef = 78DAF0362511E80F000753FD /* AppDelegate.swift */; };
		78DAF0392511E80F000753FD /* SceneDelegate.swift in Sources */ = {isa = PBXBuildFile; fileRef = 78DAF0382511E80F000753FD /* SceneDelegate.swift */; };
		78DAF03B2511E80F000753FD /* ViewController.swift in Sources */ = {isa = PBXBuildFile; fileRef = 78DAF03A2511E80F000753FD /* ViewController.swift */; };
		78DAF03E2511E80F000753FD /* Main.storyboard in Resources */ = {isa = PBXBuildFile; fileRef = 78DAF03C2511E80F000753FD /* Main.storyboard */; };
		78DAF0402511E810000753FD /* Assets.xcassets in Resources */ = {isa = PBXBuildFile; fileRef = 78DAF03F2511E810000753FD /* Assets.xcassets */; };
		78DAF0432511E810000753FD /* LaunchScreen.storyboard in Resources */ = {isa = PBXBuildFile; fileRef = 78DAF0412511E810000753FD /* LaunchScreen.storyboard */; };
/* End PBXBuildFile section */

/* Begin PBXFileReference section */
		78DAF0332511E80F000753FD /* Project1_UpdateLabel.app */ = {isa = PBXFileReference; explicitFileType = wrapper.application; includeInIndex = 0; path = Project1_UpdateLabel.app; sourceTree = BUILT_PRODUCTS_DIR; };
		78DAF0362511E80F000753FD /* AppDelegate.swift */ = {isa = PBXFileReference; lastKnownFileType = sourcecode.swift; path = AppDelegate.swift; sourceTree = "<group>"; };
		78DAF0382511E80F000753FD /* SceneDelegate.swift */ = {isa = PBXFileReference; lastKnownFileType = sourcecode.swift; path = SceneDelegate.swift; sourceTree = "<group>"; };
		78DAF03A2511E80F000753FD /* ViewController.swift */ = {isa = PBXFileReference; lastKnownFileType = sourcecode.swift; path = ViewController.swift; sourceTree = "<group>"; };
		78DAF03D2511E80F000753FD /* Base */ = {isa = PBXFileReference; lastKnownFileType = file.storyboard; name = Base; path = Base.lproj/Main.storyboard; sourceTree = "<group>"; };
		78DAF03F2511E810000753FD /* Assets.xcassets */ = {isa = PBXFileReference; lastKnownFileType = folder.assetcatalog; path = Assets.xcassets; sourceTree = "<group>"; };
		78DAF0422511E810000753FD /* Base */ = {isa = PBXFileReference; lastKnownFileType = file.storyboard; name = Base; path = Base.lproj/LaunchScreen.storyboard; sourceTree = "<group>"; };
		78DAF0442511E810000753FD /* Info.plist */ = {isa = PBXFileReference; lastKnownFileType = text.plist.xml; path = Info.plist; sourceTree = "<group>"; };
/* End PBXFileReference section */

/* Begin PBXFrameworksBuildPhase section */
		78DAF0302511E80F000753FD /* Frameworks */ = {
			isa = PBXFrameworksBuildPhase;
			buildActionMask = 2147483647;
			files = (
			);
			runOnlyForDeploymentPostprocessing = 0;
		};
/* End PBXFrameworksBuildPhase section */

/* Begin PBXGroup section */
		78DAF02A2511E80F000753FD = {
			isa = PBXGroup;
			children = (
				78DAF0352511E80F000753FD /* Project1_UpdateLabel */,
				78DAF0342511E80F000753FD /* Products */,
			);
			sourceTree = "<group>";
		};
		78DAF0342511E80F000753FD /* Products */ = {
			isa = PBXGroup;
			children = (
				78DAF0332511E80F000753FD /* Project1_UpdateLabel.app */,
			);
			name = Products;
			sourceTree = "<group>";
		};
		78DAF0352511E80F000753FD /* Project1_UpdateLabel */ = {
			isa = PBXGroup;
			children = (
				78DAF0362511E80F000753FD /* AppDelegate.swift */,
				78DAF0382511E80F000753FD /* SceneDelegate.swift */,
				78DAF03A2511E80F000753FD /* ViewController.swift */,
				78DAF03C2511E80F000753FD /* Main.storyboard */,
				78DAF03F2511E810000753FD /* Assets.xcassets */,
				78DAF0412511E810000753FD /* LaunchScreen.storyboard */,
				78DAF0442511E810000753FD /* Info.plist */,
			);
			path = Project1_UpdateLabel;
			sourceTree = "<group>";
		};
/* End PBXGroup section */

/* Begin PBXNativeTarget section */
		78DAF0322511E80F000753FD /* Project1_UpdateLabel */ = {
			isa = PBXNativeTarget;
			buildConfigurationList = 78DAF0472511E810000753FD /* Build configuration list for PBXNativeTarget "Project1_UpdateLabel" */;
			buildPhases = (
				78DAF02F2511E80F000753FD /* Sources */,
				78DAF0302511E80F000753FD /* Frameworks */,
				78DAF0312511E80F000753FD /* Resources */,
			);
			buildRules = (
			);
			dependencies = (
			);
			name = Project1_UpdateLabel;
			productName = Project1_UpdateLabel;
			productReference = 78DAF0332511E80F000753FD /* Project1_UpdateLabel.app */;
			productType = "com.apple.product-type.application";
		};
/* End PBXNativeTarget section */

/* Begin PBXProject section */
		78DAF02B2511E80F000753FD /* Project object */ = {
			isa = PBXProject;
			attributes = {
				LastSwiftUpdateCheck = 1150;
				LastUpgradeCheck = 1150;
				ORGANIZATIONNAME = "Anh Le";
				TargetAttributes = {
					78DAF0322511E80F000753FD = {
						CreatedOnToolsVersion = 11.5;
					};
				};
			};
			buildConfigurationList = 78DAF02E2511E80F000753FD /* Build configuration list for PBXProject "Project1_UpdateLabel" */;
			compatibilityVersion = "Xcode 9.3";
			developmentRegion = en;
			hasScannedForEncodings = 0;
			knownRegions = (
				en,
				Base,
			);
			mainGroup = 78DAF02A2511E80F000753FD;
			productRefGroup = 78DAF0342511E80F000753FD /* Products */;
			projectDirPath = "";
			projectRoot = "";
			targets = (
				78DAF0322511E80F000753FD /* Project1_UpdateLabel */,
			);
		};
/* End PBXProject section */

/* Begin PBXResourcesBuildPhase section */
		78DAF0312511E80F000753FD /* Resources */ = {
			isa = PBXResourcesBuildPhase;
			buildActionMask = 2147483647;
			files = (
				78DAF0432511E810000753FD /* LaunchScreen.storyboard in Resources */,
				78DAF0402511E810000753FD /* Assets.xcassets in Resources */,
				78DAF03E2511E80F000753FD /* Main.storyboard in Resources */,
			);
			runOnlyForDeploymentPostprocessing = 0;
		};
/* End PBXResourcesBuildPhase section */

/* Begin PBXSourcesBuildPhase section */
		78DAF02F2511E80F000753FD /* Sources */ = {
			isa = PBXSourcesBuildPhase;
			buildActionMask = 2147483647;
			files = (
				78DAF03B2511E80F000753FD /* ViewController.swift in Sources */,
				78DAF0372511E80F000753FD /* AppDelegate.swift in Sources */,
				78DAF0392511E80F000753FD /* SceneDelegate.swift in Sources */,
			);
			runOnlyForDeploymentPostprocessing = 0;
		};
/* End PBXSourcesBuildPhase section */

/* Begin PBXVariantGroup section */
		78DAF03C2511E80F000753FD /* Main.storyboard */ = {
			isa = PBXVariantGroup;
			children = (
				78DAF03D2511E80F000753FD /* Base */,
			);
			name = Main.storyboard;
			sourceTree = "<group>";
		};
		78DAF0412511E810000753FD /* LaunchScreen.storyboard */ = {
			isa = PBXVariantGroup;
			children = (
				78DAF0422511E810000753FD /* Base */,
			);
			name = LaunchScreen.storyboard;
			sourceTree = "<group>";
		};
/* End PBXVariantGroup section */

/* Begin XCBuildConfiguration section */
		78DAF0452511E810000753FD /* Debug */ = {
			isa = XCBuildConfiguration;
			buildSettings = {
				ALWAYS_SEARCH_USER_PATHS = NO;
				CLANG_ANALYZER_NONNULL = YES;
				CLANG_ANALYZER_NUMBER_OBJECT_CONVERSION = YES_AGGRESSIVE;
				CLANG_CXX_LANGUAGE_STANDARD = "gnu++14";
				CLANG_CXX_LIBRARY = "libc++";
				CLANG_ENABLE_MODULES = YES;
				CLANG_ENABLE_OBJC_ARC = YES;
				CLANG_ENABLE_OBJC_WEAK = YES;
				CLANG_WARN_BLOCK_CAPTURE_AUTORELEASING = YES;
				CLANG_WARN_BOOL_CONVERSION = YES;
				CLANG_WARN_COMMA = YES;
				CLANG_WARN_CONSTANT_CONVERSION = YES;
				CLANG_WARN_DEPRECATED_OBJC_IMPLEMENTATIONS = YES;
				CLANG_WARN_DIRECT_OBJC_ISA_USAGE = YES_ERROR;
				CLANG_WARN_DOCUMENTATION_COMMENTS = YES;
				CLANG_WARN_EMPTY_BODY = YES;
				CLANG_WARN_ENUM_CONVERSION = YES;
				CLANG_WARN_INFINITE_RECURSION = YES;
				CLANG_WARN_INT_CONVERSION = YES;
				CLANG_WARN_NON_LITERAL_NULL_CONVERSION = YES;
				CLANG_WARN_OBJC_IMPLICIT_RETAIN_SELF = YES;
				CLANG_WARN_OBJC_LITERAL_CONVERSION = YES;
				CLANG_WARN_OBJC_ROOT_CLASS = YES_ERROR;
				CLANG_WARN_RANGE_LOOP_ANALYSIS = YES;
				CLANG_WARN_STRICT_PROTOTYPES = YES;
				CLANG_WARN_SUSPICIOUS_MOVE = YES;
				CLANG_WARN_UNGUARDED_AVAILABILITY = YES_AGGRESSIVE;
				CLANG_WARN_UNREACHABLE_CODE = YES;
				CLANG_WARN__DUPLICATE_METHOD_MATCH = YES;
				COPY_PHASE_STRIP = NO;
				DEBUG_INFORMATION_FORMAT = dwarf;
				ENABLE_STRICT_OBJC_MSGSEND = YES;
				ENABLE_TESTABILITY = YES;
				GCC_C_LANGUAGE_STANDARD = gnu11;
				GCC_DYNAMIC_NO_PIC = NO;
				GCC_NO_COMMON_BLOCKS = YES;
				GCC_OPTIMIZATION_LEVEL = 0;
				GCC_PREPROCESSOR_DEFINITIONS = (
					"DEBUG=1",
					"$(inherited)",
				);
				GCC_WARN_64_TO_32_BIT_CONVERSION = YES;
				GCC_WARN_ABOUT_RETURN_TYPE = YES_ERROR;
				GCC_WARN_UNDECLARED_SELECTOR = YES;
				GCC_WARN_UNINITIALIZED_AUTOS = YES_AGGRESSIVE;
				GCC_WARN_UNUSED_FUNCTION = YES;
				GCC_WARN_UNUSED_VARIABLE = YES;
				IPHONEOS_DEPLOYMENT_TARGET = 13.5;
				MTL_ENABLE_DEBUG_INFO = INCLUDE_SOURCE;
				MTL_FAST_MATH = YES;
				ONLY_ACTIVE_ARCH = YES;
				SDKROOT = iphoneos;
				SWIFT_ACTIVE_COMPILATION_CONDITIONS = DEBUG;
				SWIFT_OPTIMIZATION_LEVEL = "-Onone";
			};
			name = Debug;
		};
		78DAF0462511E810000753FD /* Release */ = {
			isa = XCBuildConfiguration;
			buildSettings = {
				ALWAYS_SEARCH_USER_PATHS = NO;
				CLANG_ANALYZER_NONNULL = YES;
				CLANG_ANALYZER_NUMBER_OBJECT_CONVERSION = YES_AGGRESSIVE;
				CLANG_CXX_LANGUAGE_STANDARD = "gnu++14";
				CLANG_CXX_LIBRARY = "libc++";
				CLANG_ENABLE_MODULES = YES;
				CLANG_ENABLE_OBJC_ARC = YES;
				CLANG_ENABLE_OBJC_WEAK = YES;
				CLANG_WARN_BLOCK_CAPTURE_AUTORELEASING = YES;
				CLANG_WARN_BOOL_CONVERSION = YES;
				CLANG_WARN_COMMA = YES;
				CLANG_WARN_CONSTANT_CONVERSION = YES;
				CLANG_WARN_DEPRECATED_OBJC_IMPLEMENTATIONS = YES;
				CLANG_WARN_DIRECT_OBJC_ISA_USAGE = YES_ERROR;
				CLANG_WARN_DOCUMENTATION_COMMENTS = YES;
				CLANG_WARN_EMPTY_BODY = YES;
				CLANG_WARN_ENUM_CONVERSION = YES;
				CLANG_WARN_INFINITE_RECURSION = YES;
				CLANG_WARN_INT_CONVERSION = YES;
				CLANG_WARN_NON_LITERAL_NULL_CONVERSION = YES;
				CLANG_WARN_OBJC_IMPLICIT_RETAIN_SELF = YES;
				CLANG_WARN_OBJC_LITERAL_CONVERSION = YES;
				CLANG_WARN_OBJC_ROOT_CLASS = YES_ERROR;
				CLANG_WARN_RANGE_LOOP_ANALYSIS = YES;
				CLANG_WARN_STRICT_PROTOTYPES = YES;
				CLANG_WARN_SUSPICIOUS_MOVE = YES;
				CLANG_WARN_UNGUARDED_AVAILABILITY = YES_AGGRESSIVE;
				CLANG_WARN_UNREACHABLE_CODE = YES;
				CLANG_WARN__DUPLICATE_METHOD_MATCH = YES;
				COPY_PHASE_STRIP = NO;
				DEBUG_INFORMATION_FORMAT = "dwarf-with-dsym";
				ENABLE_NS_ASSERTIONS = NO;
				ENABLE_STRICT_OBJC_MSGSEND = YES;
				GCC_C_LANGUAGE_STANDARD = gnu11;
				GCC_NO_COMMON_BLOCKS = YES;
				GCC_WARN_64_TO_32_BIT_CONVERSION = YES;
				GCC_WARN_ABOUT_RETURN_TYPE = YES_ERROR;
				GCC_WARN_UNDECLARED_SELECTOR = YES;
				GCC_WARN_UNINITIALIZED_AUTOS = YES_AGGRESSIVE;
				GCC_WARN_UNUSED_FUNCTION = YES;
				GCC_WARN_UNUSED_VARIABLE = YES;
				IPHONEOS_DEPLOYMENT_TARGET = 13.5;
				MTL_ENABLE_DEBUG_INFO = NO;
				MTL_FAST_MATH = YES;
				SDKROOT = iphoneos;
				SWIFT_COMPILATION_MODE = wholemodule;
				SWIFT_OPTIMIZATION_LEVEL = "-O";
				VALIDATE_PRODUCT = YES;
			};
			name = Release;
		};
		78DAF0482511E810000753FD /* Debug */ = {
			isa = XCBuildConfiguration;
			buildSettings = {
				ASSETCATALOG_COMPILER_APPICON_NAME = AppIcon;
				CODE_SIGN_STYLE = Automatic;
				DEVELOPMENT_TEAM = 52H3TQCL25;
				INFOPLIST_FILE = Project1_UpdateLabel/Info.plist;
				LD_RUNPATH_SEARCH_PATHS = (
					"$(inherited)",
					"@executable_path/Frameworks",
				);
				PRODUCT_BUNDLE_IDENTIFIER = "depauw.Project1-UpdateLabel";
				PRODUCT_NAME = "$(TARGET_NAME)";
				SWIFT_VERSION = 5.0;
				TARGETED_DEVICE_FAMILY = "1,2";
			};
			name = Debug;
		};
		78DAF0492511E810000753FD /* Release */ = {
			isa = XCBuildConfiguration;
			buildSettings = {
				ASSETCATALOG_COMPILER_APPICON_NAME = AppIcon;
				CODE_SIGN_STYLE = Automatic;
				DEVELOPMENT_TEAM = 52H3TQCL25;
				INFOPLIST_FILE = Project1_UpdateLabel/Info.plist;
				LD_RUNPATH_SEARCH_PATHS = (
					"$(inherited)",
					"@executable_path/Frameworks",
				);
				PRODUCT_BUNDLE_IDENTIFIER = "depauw.Project1-UpdateLabel";
				PRODUCT_NAME = "$(TARGET_NAME)";
				SWIFT_VERSION = 5.0;
				TARGETED_DEVICE_FAMILY = "1,2";
			};
			name = Release;
		};
/* End XCBuildConfiguration section */

/* Begin XCConfigurationList section */
		78DAF02E2511E80F000753FD /* Build configuration list for PBXProject "Project1_UpdateLabel" */ = {
			isa = XCConfigurationList;
			buildConfigurations = (
				78DAF0452511E810000753FD /* Debug */,
				78DAF0462511E810000753FD /* Release */,
			);
			defaultConfigurationIsVisible = 0;
			defaultConfigurationName = Release;
		};
		78DAF0472511E810000753FD /* Build configuration list for PBXNativeTarget "Project1_UpdateLabel" */ = {
			isa = XCConfigurationList;
			buildConfigurations = (
				78DAF0482511E810000753FD /* Debug */,
				78DAF0492511E810000753FD /* Release */,
			);
			defaultConfigurationIsVisible = 0;
			defaultConfigurationName = Release;
		};
/* End XCConfigurationList section */
	};
	rootObject = 78DAF02B2511E80F000753FD /* Project object */;
}
